{
  "requires": true,
  "lockfileVersion": 1,
  "dependencies": {
    "expo-font": {
      "version": "8.0.0",
      "resolved": "https://registry.npmjs.org/expo-font/-/expo-font-8.0.0.tgz",
      "integrity": "sha512-1hrlvxv8MpE1761v2mDjZRwhhM4hkfDr/MQlkWD2+g17N+UjU3WQct4kc+VuZW30pP+YowwrmG3O6JVoIOhWGA==",
      "requires": {
        "fontfaceobserver": "^2.1.0"
      }
    },
    "fontfaceobserver": {
      "version": "2.1.0",
      "resolved": "https://registry.npmjs.org/fontfaceobserver/-/fontfaceobserver-2.1.0.tgz",
      "integrity": "sha512-ReOsO2F66jUa0jmv2nlM/s1MiutJx/srhAe2+TE8dJCMi02ZZOcCTxTCQFr3Yet+uODUtnr4Mewg+tNQ+4V1Ng=="
    }
  }
}
